// !$*UTF8*$!
{
	archiveVersion = 1;
	classes = {
	};
	objectVersion = 77;
	objects = {

/* Begin PBXBuildFile section */
		25C52BFA593A5EC34214A9B3 /* libPods-react-native-swiftui.a in Frameworks */ = {isa = PBXBuildFile; fileRef = 8135C2043DB377FCFAA4C769 /* libPods-react-native-swiftui.a */; };
		6D84419364975D559A1CB8F5 /* PrivacyInfo.xcprivacy in Resources */ = {isa = PBXBuildFile; fileRef = FE7EF8B47DD8E85BF4774605 /* PrivacyInfo.xcprivacy */; };
		8C0503222D9DB5470021EEB2 /* BTNativeEventSender.mm in Sources */ = {isa = PBXBuildFile; fileRef = 8C0503212D9DB5470021EEB2 /* BTNativeEventSender.mm */; };
		8CCBE5062DA055070012EACB /* RCTFavoriteButton.mm in Sources */ = {isa = PBXBuildFile; fileRef = 8CCBE5052DA055070012EACB /* RCTFavoriteButton.mm */; };
		8CCBE5E22DA07D480012EACB /* ABAnimatedButton.m in Sources */ = {isa = PBXBuildFile; fileRef = 8CCBE53F2DA05C160012EACB /* ABAnimatedButton.m */; };
/* End PBXBuildFile section */

/* Begin PBXContainerItemProxy section */
		8C8CA5B72D676B33004E489F /* PBXContainerItemProxy */ = {
			isa = PBXContainerItemProxy;
			containerPortal = 8C8CA59E2D676B30004E489F /* Project object */;
			proxyType = 1;
			remoteGlobalIDString = 8C8CA5A52D676B30004E489F;
			remoteInfo = "react-native-swiftui";
		};
		8C8CA5C12D676B33004E489F /* PBXContainerItemProxy */ = {
			isa = PBXContainerItemProxy;
			containerPortal = 8C8CA59E2D676B30004E489F /* Project object */;
			proxyType = 1;
			remoteGlobalIDString = 8C8CA5A52D676B30004E489F;
			remoteInfo = "react-native-swiftui";
		};
/* End PBXContainerItemProxy section */

/* Begin PBXFileReference section */
		8135C2043DB377FCFAA4C769 /* libPods-react-native-swiftui.a */ = {isa = PBXFileReference; explicitFileType = archive.ar; includeInIndex = 0; path = "libPods-react-native-swiftui.a"; sourceTree = BUILT_PRODUCTS_DIR; };
		8C05031F2D9DB5470021EEB2 /* react-native-swiftui-Bridging-Header.h */ = {isa = PBXFileReference; lastKnownFileType = sourcecode.c.h; path = "react-native-swiftui-Bridging-Header.h"; sourceTree = "<group>"; };
		8C0503202D9DB5470021EEB2 /* BTNativeEventSender.h */ = {isa = PBXFileReference; lastKnownFileType = sourcecode.c.h; path = BTNativeEventSender.h; sourceTree = "<group>"; };
		8C0503212D9DB5470021EEB2 /* BTNativeEventSender.mm */ = {isa = PBXFileReference; lastKnownFileType = sourcecode.cpp.objcpp; path = BTNativeEventSender.mm; sourceTree = "<group>"; };
		8C8CA5A62D676B30004E489F /* react-native-swiftui.app */ = {isa = PBXFileReference; explicitFileType = wrapper.application; includeInIndex = 0; path = "react-native-swiftui.app"; sourceTree = BUILT_PRODUCTS_DIR; };
		8C8CA5B62D676B33004E489F /* react-native-swiftuiTests.xctest */ = {isa = PBXFileReference; explicitFileType = wrapper.cfbundle; includeInIndex = 0; path = "react-native-swiftuiTests.xctest"; sourceTree = BUILT_PRODUCTS_DIR; };
		8C8CA5C02D676B33004E489F /* react-native-swiftuiUITests.xctest */ = {isa = PBXFileReference; explicitFileType = wrapper.cfbundle; includeInIndex = 0; path = "react-native-swiftuiUITests.xctest"; sourceTree = BUILT_PRODUCTS_DIR; };
		8CCBE5042DA055070012EACB /* RCTFavoriteButton.h */ = {isa = PBXFileReference; lastKnownFileType = sourcecode.c.h; path = RCTFavoriteButton.h; sourceTree = "<group>"; };
		8CCBE5052DA055070012EACB /* RCTFavoriteButton.mm */ = {isa = PBXFileReference; lastKnownFileType = sourcecode.cpp.objcpp; path = RCTFavoriteButton.mm; sourceTree = "<group>"; };
		8CCBE53E2DA05C040012EACB /* ABAnimatedButton.h */ = {isa = PBXFileReference; lastKnownFileType = sourcecode.c.h; path = ABAnimatedButton.h; sourceTree = "<group>"; };
		8CCBE53F2DA05C160012EACB /* ABAnimatedButton.m */ = {isa = PBXFileReference; lastKnownFileType = sourcecode.c.objc; path = ABAnimatedButton.m; sourceTree = "<group>"; };
		B640F79D40FCA1CE9C98C71B /* Pods-react-native-swiftui.debug.xcconfig */ = {isa = PBXFileReference; includeInIndex = 1; lastKnownFileType = text.xcconfig; name = "Pods-react-native-swiftui.debug.xcconfig"; path = "Target Support Files/Pods-react-native-swiftui/Pods-react-native-swiftui.debug.xcconfig"; sourceTree = "<group>"; };
		EBA50D1A32BA44B2791F25FE /* Pods-react-native-swiftui.release.xcconfig */ = {isa = PBXFileReference; includeInIndex = 1; lastKnownFileType = text.xcconfig; name = "Pods-react-native-swiftui.release.xcconfig"; path = "Target Support Files/Pods-react-native-swiftui/Pods-react-native-swiftui.release.xcconfig"; sourceTree = "<group>"; };
		FE7EF8B47DD8E85BF4774605 /* PrivacyInfo.xcprivacy */ = {isa = PBXFileReference; includeInIndex = 1; lastKnownFileType = text.xml; path = PrivacyInfo.xcprivacy; sourceTree = "<group>"; };
/* End PBXFileReference section */

/* Begin PBXFileSystemSynchronizedBuildFileExceptionSet section */
		8C8CA5EC2D67C261004E489F /* Exceptions for "react-native-swiftui" folder in "react-native-swiftui" target */ = {
			isa = PBXFileSystemSynchronizedBuildFileExceptionSet;
			membershipExceptions = (
				Info.plist,
			);
			target = 8C8CA5A52D676B30004E489F /* react-native-swiftui */;
		};
/* End PBXFileSystemSynchronizedBuildFileExceptionSet section */

/* Begin PBXFileSystemSynchronizedRootGroup section */
		8C8CA5A82D676B30004E489F /* react-native-swiftui */ = {
			isa = PBXFileSystemSynchronizedRootGroup;
			exceptions = (
				8C8CA5EC2D67C261004E489F /* Exceptions for "react-native-swiftui" folder in "react-native-swiftui" target */,
			);
			path = "react-native-swiftui";
			sourceTree = "<group>";
		};
		8C8CA5B92D676B33004E489F /* react-native-swiftuiTests */ = {
			isa = PBXFileSystemSynchronizedRootGroup;
			exceptions = (
			);
			path = "react-native-swiftuiTests";
			sourceTree = "<group>";
		};
		8C8CA5C32D676B33004E489F /* react-native-swiftuiUITests */ = {
			isa = PBXFileSystemSynchronizedRootGroup;
			exceptions = (
			);
			path = "react-native-swiftuiUITests";
			sourceTree = "<group>";
		};
/* End PBXFileSystemSynchronizedRootGroup section */

/* Begin PBXFrameworksBuildPhase section */
		8C8CA5A32D676B30004E489F /* Frameworks */ = {
			isa = PBXFrameworksBuildPhase;
			buildActionMask = 2147483647;
			files = (
				25C52BFA593A5EC34214A9B3 /* libPods-react-native-swiftui.a in Frameworks */,
			);
			runOnlyForDeploymentPostprocessing = 0;
		};
		8C8CA5B32D676B33004E489F /* Frameworks */ = {
			isa = PBXFrameworksBuildPhase;
			buildActionMask = 2147483647;
			files = (
			);
			runOnlyForDeploymentPostprocessing = 0;
		};
		8C8CA5BD2D676B33004E489F /* Frameworks */ = {
			isa = PBXFrameworksBuildPhase;
			buildActionMask = 2147483647;
			files = (
			);
			runOnlyForDeploymentPostprocessing = 0;
		};
/* End PBXFrameworksBuildPhase section */

/* Begin PBXGroup section */
		8C05031E2D9DB50F0021EEB2 /* NativeEventSender */ = {
			isa = PBXGroup;
			children = (
				8C0503202D9DB5470021EEB2 /* BTNativeEventSender.h */,
				8C0503212D9DB5470021EEB2 /* BTNativeEventSender.mm */,
				8C05031F2D9DB5470021EEB2 /* react-native-swiftui-Bridging-Header.h */,
			);
			path = NativeEventSender;
			sourceTree = "<group>";
		};
		8C8CA59D2D676B30004E489F = {
			isa = PBXGroup;
			children = (
				8CCBE53D2DA05BCD0012EACB /* ABAnimatedButton */,
				8CCBE5032DA053550012EACB /* RCTFavoriteButton */,
				8C05031E2D9DB50F0021EEB2 /* NativeEventSender */,
				8C8CA5A82D676B30004E489F /* react-native-swiftui */,
				8C8CA5B92D676B33004E489F /* react-native-swiftuiTests */,
				8C8CA5C32D676B33004E489F /* react-native-swiftuiUITests */,
				8C8CA5A72D676B30004E489F /* Products */,
				FE7EF8B47DD8E85BF4774605 /* PrivacyInfo.xcprivacy */,
				D3777D850CFC4C1F360CCA83 /* Pods */,
				EC5EE8B3F672A933A8AEC920 /* Frameworks */,
			);
			sourceTree = "<group>";
		};
		8C8CA5A72D676B30004E489F /* Products */ = {
			isa = PBXGroup;
			children = (
				8C8CA5A62D676B30004E489F /* react-native-swiftui.app */,
				8C8CA5B62D676B33004E489F /* react-native-swiftuiTests.xctest */,
				8C8CA5C02D676B33004E489F /* react-native-swiftuiUITests.xctest */,
			);
			name = Products;
			sourceTree = "<group>";
		};
		8CCBE5032DA053550012EACB /* RCTFavoriteButton */ = {
			isa = PBXGroup;
			children = (
				8CCBE5042DA055070012EACB /* RCTFavoriteButton.h */,
				8CCBE5052DA055070012EACB /* RCTFavoriteButton.mm */,
			);
			path = RCTFavoriteButton;
			sourceTree = "<group>";
		};
		8CCBE53D2DA05BCD0012EACB /* ABAnimatedButton */ = {
			isa = PBXGroup;
			children = (
				8CCBE53F2DA05C160012EACB /* ABAnimatedButton.m */,
				8CCBE53E2DA05C040012EACB /* ABAnimatedButton.h */,
			);
			path = ABAnimatedButton;
			sourceTree = "<group>";
		};
		D3777D850CFC4C1F360CCA83 /* Pods */ = {
			isa = PBXGroup;
			children = (
				B640F79D40FCA1CE9C98C71B /* Pods-react-native-swiftui.debug.xcconfig */,
				EBA50D1A32BA44B2791F25FE /* Pods-react-native-swiftui.release.xcconfig */,
			);
			path = Pods;
			sourceTree = "<group>";
		};
		EC5EE8B3F672A933A8AEC920 /* Frameworks */ = {
			isa = PBXGroup;
			children = (
				8135C2043DB377FCFAA4C769 /* libPods-react-native-swiftui.a */,
			);
			name = Frameworks;
			sourceTree = "<group>";
		};
/* End PBXGroup section */

/* Begin PBXNativeTarget section */
		8C8CA5A52D676B30004E489F /* react-native-swiftui */ = {
			isa = PBXNativeTarget;
			buildConfigurationList = 8C8CA5CA2D676B33004E489F /* Build configuration list for PBXNativeTarget "react-native-swiftui" */;
			buildPhases = (
				D8EDBFEDBF60C99CF7EA0C0C /* [CP] Check Pods Manifest.lock */,
				8C8CA5A22D676B30004E489F /* Sources */,
				8C8CA5A32D676B30004E489F /* Frameworks */,
				8C8CA5A42D676B30004E489F /* Resources */,
				8C659C6A2D972AA000476E62 /* Bundle React Native */,
				8F58F10CACB0A459287D0849 /* [CP] Embed Pods Frameworks */,
				CB1A2C5134857E3468643A34 /* [CP] Copy Pods Resources */,
			);
			buildRules = (
			);
			dependencies = (
			);
			fileSystemSynchronizedGroups = (
				8C8CA5A82D676B30004E489F /* react-native-swiftui */,
			);
			name = "react-native-swiftui";
			productName = "react-native-swiftui";
			productReference = 8C8CA5A62D676B30004E489F /* react-native-swiftui.app */;
			productType = "com.apple.product-type.application";
		};
		8C8CA5B52D676B33004E489F /* react-native-swiftuiTests */ = {
			isa = PBXNativeTarget;
			buildConfigurationList = 8C8CA5CD2D676B33004E489F /* Build configuration list for PBXNativeTarget "react-native-swiftuiTests" */;
			buildPhases = (
				8C8CA5B22D676B33004E489F /* Sources */,
				8C8CA5B32D676B33004E489F /* Frameworks */,
				8C8CA5B42D676B33004E489F /* Resources */,
			);
			buildRules = (
			);
			dependencies = (
				8C8CA5B82D676B33004E489F /* PBXTargetDependency */,
			);
			fileSystemSynchronizedGroups = (
				8C8CA5B92D676B33004E489F /* react-native-swiftuiTests */,
			);
			name = "react-native-swiftuiTests";
			productName = "react-native-swiftuiTests";
			productReference = 8C8CA5B62D676B33004E489F /* react-native-swiftuiTests.xctest */;
			productType = "com.apple.product-type.bundle.unit-test";
		};
		8C8CA5BF2D676B33004E489F /* react-native-swiftuiUITests */ = {
			isa = PBXNativeTarget;
			buildConfigurationList = 8C8CA5D02D676B33004E489F /* Build configuration list for PBXNativeTarget "react-native-swiftuiUITests" */;
			buildPhases = (
				8C8CA5BC2D676B33004E489F /* Sources */,
				8C8CA5BD2D676B33004E489F /* Frameworks */,
				8C8CA5BE2D676B33004E489F /* Resources */,
			);
			buildRules = (
			);
			dependencies = (
				8C8CA5C22D676B33004E489F /* PBXTargetDependency */,
			);
			fileSystemSynchronizedGroups = (
				8C8CA5C32D676B33004E489F /* react-native-swiftuiUITests */,
			);
			name = "react-native-swiftuiUITests";
			productName = "react-native-swiftuiUITests";
			productReference = 8C8CA5C02D676B33004E489F /* react-native-swiftuiUITests.xctest */;
			productType = "com.apple.product-type.bundle.ui-testing";
		};
/* End PBXNativeTarget section */

/* Begin PBXProject section */
		8C8CA59E2D676B30004E489F /* Project object */ = {
			isa = PBXProject;
			attributes = {
				BuildIndependentTargetsInParallel = 1;
				LastSwiftUpdateCheck = 1620;
				LastUpgradeCheck = 1620;
				TargetAttributes = {
					8C8CA5A52D676B30004E489F = {
						CreatedOnToolsVersion = 16.2;
						LastSwiftMigration = 1620;
					};
					8C8CA5B52D676B33004E489F = {
						CreatedOnToolsVersion = 16.2;
						TestTargetID = 8C8CA5A52D676B30004E489F;
					};
					8C8CA5BF2D676B33004E489F = {
						CreatedOnToolsVersion = 16.2;
						TestTargetID = 8C8CA5A52D676B30004E489F;
					};
				};
			};
			buildConfigurationList = 8C8CA5A12D676B30004E489F /* Build configuration list for PBXProject "react-native-swiftui" */;
			developmentRegion = en;
			hasScannedForEncodings = 0;
			knownRegions = (
				en,
				Base,
			);
			mainGroup = 8C8CA59D2D676B30004E489F;
			minimizedProjectReferenceProxies = 1;
			preferredProjectObjectVersion = 77;
			productRefGroup = 8C8CA5A72D676B30004E489F /* Products */;
			projectDirPath = "";
			projectRoot = "";
			targets = (
				8C8CA5A52D676B30004E489F /* react-native-swiftui */,
				8C8CA5B52D676B33004E489F /* react-native-swiftuiTests */,
				8C8CA5BF2D676B33004E489F /* react-native-swiftuiUITests */,
			);
		};
/* End PBXProject section */

/* Begin PBXResourcesBuildPhase section */
		8C8CA5A42D676B30004E489F /* Resources */ = {
			isa = PBXResourcesBuildPhase;
			buildActionMask = 2147483647;
			files = (
				6D84419364975D559A1CB8F5 /* PrivacyInfo.xcprivacy in Resources */,
			);
			runOnlyForDeploymentPostprocessing = 0;
		};
		8C8CA5B42D676B33004E489F /* Resources */ = {
			isa = PBXResourcesBuildPhase;
			buildActionMask = 2147483647;
			files = (
			);
			runOnlyForDeploymentPostprocessing = 0;
		};
		8C8CA5BE2D676B33004E489F /* Resources */ = {
			isa = PBXResourcesBuildPhase;
			buildActionMask = 2147483647;
			files = (
			);
			runOnlyForDeploymentPostprocessing = 0;
		};
/* End PBXResourcesBuildPhase section */

/* Begin PBXShellScriptBuildPhase section */
		8C659C6A2D972AA000476E62 /* Bundle React Native */ = {
			isa = PBXShellScriptBuildPhase;
			buildActionMask = 2147483647;
			files = (
			);
			inputFileListPaths = (
			);
			inputPaths = (
			);
			name = "Bundle React Native";
			outputFileListPaths = (
			);
			outputPaths = (
			);
			runOnlyForDeploymentPostprocessing = 0;
			shellPath = /bin/sh;
			shellScript = "set -e\n\nWITH_ENVIRONMENT=\"$REACT_NATIVE_PATH/scripts/xcode/with-environment.sh\"\nREACT_NATIVE_XCODE=\"$REACT_NATIVE_PATH/scripts/react-native-xcode.sh\"\n\n/bin/sh -c \"$WITH_ENVIRONMENT $REACT_NATIVE_XCODE\"\n";
		};
		8F58F10CACB0A459287D0849 /* [CP] Embed Pods Frameworks */ = {
			isa = PBXShellScriptBuildPhase;
			buildActionMask = 2147483647;
			files = (
			);
			inputFileListPaths = (
				"${PODS_ROOT}/Target Support Files/Pods-react-native-swiftui/Pods-react-native-swiftui-frameworks-${CONFIGURATION}-input-files.xcfilelist",
			);
			name = "[CP] Embed Pods Frameworks";
			outputFileListPaths = (
				"${PODS_ROOT}/Target Support Files/Pods-react-native-swiftui/Pods-react-native-swiftui-frameworks-${CONFIGURATION}-output-files.xcfilelist",
			);
			runOnlyForDeploymentPostprocessing = 0;
			shellPath = /bin/sh;
			shellScript = "\"${PODS_ROOT}/Target Support Files/Pods-react-native-swiftui/Pods-react-native-swiftui-frameworks.sh\"\n";
			showEnvVarsInLog = 0;
		};
		CB1A2C5134857E3468643A34 /* [CP] Copy Pods Resources */ = {
			isa = PBXShellScriptBuildPhase;
			buildActionMask = 2147483647;
			files = (
			);
			inputFileListPaths = (
				"${PODS_ROOT}/Target Support Files/Pods-react-native-swiftui/Pods-react-native-swiftui-resources-${CONFIGURATION}-input-files.xcfilelist",
			);
			name = "[CP] Copy Pods Resources";
			outputFileListPaths = (
				"${PODS_ROOT}/Target Support Files/Pods-react-native-swiftui/Pods-react-native-swiftui-resources-${CONFIGURATION}-output-files.xcfilelist",
			);
			runOnlyForDeploymentPostprocessing = 0;
			shellPath = /bin/sh;
			shellScript = "\"${PODS_ROOT}/Target Support Files/Pods-react-native-swiftui/Pods-react-native-swiftui-resources.sh\"\n";
			showEnvVarsInLog = 0;
		};
		D8EDBFEDBF60C99CF7EA0C0C /* [CP] Check Pods Manifest.lock */ = {
			isa = PBXShellScriptBuildPhase;
			buildActionMask = 2147483647;
			files = (
			);
			inputFileListPaths = (
			);
			inputPaths = (
				"${PODS_PODFILE_DIR_PATH}/Podfile.lock",
				"${PODS_ROOT}/Manifest.lock",
			);
			name = "[CP] Check Pods Manifest.lock";
			outputFileListPaths = (
			);
			outputPaths = (
				"$(DERIVED_FILE_DIR)/Pods-react-native-swiftui-checkManifestLockResult.txt",
			);
			runOnlyForDeploymentPostprocessing = 0;
			shellPath = /bin/sh;
			shellScript = "diff \"${PODS_PODFILE_DIR_PATH}/Podfile.lock\" \"${PODS_ROOT}/Manifest.lock\" > /dev/null\nif [ $? != 0 ] ; then\n    # print error to STDERR\n    echo \"error: The sandbox is not in sync with the Podfile.lock. Run 'pod install' or update your CocoaPods installation.\" >&2\n    exit 1\nfi\n# This output is used by Xcode 'outputs' to avoid re-running this script phase.\necho \"SUCCESS\" > \"${SCRIPT_OUTPUT_FILE_0}\"\n";
			showEnvVarsInLog = 0;
		};
/* End PBXShellScriptBuildPhase section */

/* Begin PBXSourcesBuildPhase section */
		8C8CA5A22D676B30004E489F /* Sources */ = {
			isa = PBXSourcesBuildPhase;
			buildActionMask = 2147483647;
			files = (
				8CCBE5E22DA07D480012EACB /* ABAnimatedButton.m in Sources */,
				8CCBE5062DA055070012EACB /* RCTFavoriteButton.mm in Sources */,
				8C0503222D9DB5470021EEB2 /* BTNativeEventSender.mm in Sources */,
			);
			runOnlyForDeploymentPostprocessing = 0;
		};
		8C8CA5B22D676B33004E489F /* Sources */ = {
			isa = PBXSourcesBuildPhase;
			buildActionMask = 2147483647;
			files = (
			);
			runOnlyForDeploymentPostprocessing = 0;
		};
		8C8CA5BC2D676B33004E489F /* Sources */ = {
			isa = PBXSourcesBuildPhase;
			buildActionMask = 2147483647;
			files = (
			);
			runOnlyForDeploymentPostprocessing = 0;
		};
/* End PBXSourcesBuildPhase section */

/* Begin PBXTargetDependency section */
		8C8CA5B82D676B33004E489F /* PBXTargetDependency */ = {
			isa = PBXTargetDependency;
			target = 8C8CA5A52D676B30004E489F /* react-native-swiftui */;
			targetProxy = 8C8CA5B72D676B33004E489F /* PBXContainerItemProxy */;
		};
		8C8CA5C22D676B33004E489F /* PBXTargetDependency */ = {
			isa = PBXTargetDependency;
			target = 8C8CA5A52D676B30004E489F /* react-native-swiftui */;
			targetProxy = 8C8CA5C12D676B33004E489F /* PBXContainerItemProxy */;
		};
/* End PBXTargetDependency section */

/* Begin XCBuildConfiguration section */
		8C8CA5C82D676B33004E489F /* Debug */ = {
			isa = XCBuildConfiguration;
			buildSettings = {
				ALWAYS_SEARCH_USER_PATHS = NO;
				ASSETCATALOG_COMPILER_GENERATE_SWIFT_ASSET_SYMBOL_EXTENSIONS = YES;
				CLANG_ANALYZER_NONNULL = YES;
				CLANG_ANALYZER_NUMBER_OBJECT_CONVERSION = YES_AGGRESSIVE;
				CLANG_CXX_LANGUAGE_STANDARD = "c++20";
				CLANG_ENABLE_MODULES = YES;
				CLANG_ENABLE_OBJC_ARC = YES;
				CLANG_ENABLE_OBJC_WEAK = YES;
				CLANG_WARN_BLOCK_CAPTURE_AUTORELEASING = YES;
				CLANG_WARN_BOOL_CONVERSION = YES;
				CLANG_WARN_COMMA = YES;
				CLANG_WARN_CONSTANT_CONVERSION = YES;
				CLANG_WARN_DEPRECATED_OBJC_IMPLEMENTATIONS = YES;
				CLANG_WARN_DIRECT_OBJC_ISA_USAGE = YES_ERROR;
				CLANG_WARN_DOCUMENTATION_COMMENTS = YES;
				CLANG_WARN_EMPTY_BODY = YES;
				CLANG_WARN_ENUM_CONVERSION = YES;
				CLANG_WARN_INFINITE_RECURSION = YES;
				CLANG_WARN_INT_CONVERSION = YES;
				CLANG_WARN_NON_LITERAL_NULL_CONVERSION = YES;
				CLANG_WARN_OBJC_IMPLICIT_RETAIN_SELF = YES;
				CLANG_WARN_OBJC_LITERAL_CONVERSION = YES;
				CLANG_WARN_OBJC_ROOT_CLASS = YES_ERROR;
				CLANG_WARN_QUOTED_INCLUDE_IN_FRAMEWORK_HEADER = YES;
				CLANG_WARN_RANGE_LOOP_ANALYSIS = YES;
				CLANG_WARN_STRICT_PROTOTYPES = YES;
				CLANG_WARN_SUSPICIOUS_MOVE = YES;
				CLANG_WARN_UNGUARDED_AVAILABILITY = YES_AGGRESSIVE;
				CLANG_WARN_UNREACHABLE_CODE = YES;
				CLANG_WARN__DUPLICATE_METHOD_MATCH = YES;
				COPY_PHASE_STRIP = NO;
				DEBUG_INFORMATION_FORMAT = dwarf;
				ENABLE_STRICT_OBJC_MSGSEND = YES;
				ENABLE_TESTABILITY = YES;
				ENABLE_USER_SCRIPT_SANDBOXING = YES;
				GCC_C_LANGUAGE_STANDARD = gnu17;
				GCC_DYNAMIC_NO_PIC = NO;
				GCC_NO_COMMON_BLOCKS = YES;
				GCC_OPTIMIZATION_LEVEL = 0;
				GCC_PREPROCESSOR_DEFINITIONS = (
					"DEBUG=1",
					"$(inherited)",
				);
				GCC_WARN_64_TO_32_BIT_CONVERSION = YES;
				GCC_WARN_ABOUT_RETURN_TYPE = YES_ERROR;
				GCC_WARN_UNDECLARED_SELECTOR = YES;
				GCC_WARN_UNINITIALIZED_AUTOS = YES_AGGRESSIVE;
				GCC_WARN_UNUSED_FUNCTION = YES;
				GCC_WARN_UNUSED_VARIABLE = YES;
				IPHONEOS_DEPLOYMENT_TARGET = 18.2;
				LOCALIZATION_PREFERS_STRING_CATALOGS = YES;
				MTL_ENABLE_DEBUG_INFO = INCLUDE_SOURCE;
				MTL_FAST_MATH = YES;
				ONLY_ACTIVE_ARCH = YES;
				OTHER_LDFLAGS = (
					"$(inherited)",
					" ",
				);
				REACT_NATIVE_PATH = "${PODS_ROOT}/../../node_modules/react-native";
				SDKROOT = iphoneos;
				SWIFT_ACTIVE_COMPILATION_CONDITIONS = "$(inherited) DEBUG";
				SWIFT_OPTIMIZATION_LEVEL = "-Onone";
				USE_HERMES = true;
			};
			name = Debug;
		};
		8C8CA5C92D676B33004E489F /* Release */ = {
			isa = XCBuildConfiguration;
			buildSettings = {
				ALWAYS_SEARCH_USER_PATHS = NO;
				ASSETCATALOG_COMPILER_GENERATE_SWIFT_ASSET_SYMBOL_EXTENSIONS = YES;
				CLANG_ANALYZER_NONNULL = YES;
				CLANG_ANALYZER_NUMBER_OBJECT_CONVERSION = YES_AGGRESSIVE;
				CLANG_CXX_LANGUAGE_STANDARD = "c++20";
				CLANG_ENABLE_MODULES = YES;
				CLANG_ENABLE_OBJC_ARC = YES;
				CLANG_ENABLE_OBJC_WEAK = YES;
				CLANG_WARN_BLOCK_CAPTURE_AUTORELEASING = YES;
				CLANG_WARN_BOOL_CONVERSION = YES;
				CLANG_WARN_COMMA = YES;
				CLANG_WARN_CONSTANT_CONVERSION = YES;
				CLANG_WARN_DEPRECATED_OBJC_IMPLEMENTATIONS = YES;
				CLANG_WARN_DIRECT_OBJC_ISA_USAGE = YES_ERROR;
				CLANG_WARN_DOCUMENTATION_COMMENTS = YES;
				CLANG_WARN_EMPTY_BODY = YES;
				CLANG_WARN_ENUM_CONVERSION = YES;
				CLANG_WARN_INFINITE_RECURSION = YES;
				CLANG_WARN_INT_CONVERSION = YES;
				CLANG_WARN_NON_LITERAL_NULL_CONVERSION = YES;
				CLANG_WARN_OBJC_IMPLICIT_RETAIN_SELF = YES;
				CLANG_WARN_OBJC_LITERAL_CONVERSION = YES;
				CLANG_WARN_OBJC_ROOT_CLASS = YES_ERROR;
				CLANG_WARN_QUOTED_INCLUDE_IN_FRAMEWORK_HEADER = YES;
				CLANG_WARN_RANGE_LOOP_ANALYSIS = YES;
				CLANG_WARN_STRICT_PROTOTYPES = YES;
				CLANG_WARN_SUSPICIOUS_MOVE = YES;
				CLANG_WARN_UNGUARDED_AVAILABILITY = YES_AGGRESSIVE;
				CLANG_WARN_UNREACHABLE_CODE = YES;
				CLANG_WARN__DUPLICATE_METHOD_MATCH = YES;
				COPY_PHASE_STRIP = NO;
				DEBUG_INFORMATION_FORMAT = "dwarf-with-dsym";
				ENABLE_NS_ASSERTIONS = NO;
				ENABLE_STRICT_OBJC_MSGSEND = YES;
				ENABLE_USER_SCRIPT_SANDBOXING = YES;
				GCC_C_LANGUAGE_STANDARD = gnu17;
				GCC_NO_COMMON_BLOCKS = YES;
				GCC_WARN_64_TO_32_BIT_CONVERSION = YES;
				GCC_WARN_ABOUT_RETURN_TYPE = YES_ERROR;
				GCC_WARN_UNDECLARED_SELECTOR = YES;
				GCC_WARN_UNINITIALIZED_AUTOS = YES_AGGRESSIVE;
				GCC_WARN_UNUSED_FUNCTION = YES;
				GCC_WARN_UNUSED_VARIABLE = YES;
				IPHONEOS_DEPLOYMENT_TARGET = 18.2;
				LOCALIZATION_PREFERS_STRING_CATALOGS = YES;
				MTL_ENABLE_DEBUG_INFO = NO;
				MTL_FAST_MATH = YES;
				OTHER_LDFLAGS = (
					"$(inherited)",
					" ",
				);
				REACT_NATIVE_PATH = "${PODS_ROOT}/../../node_modules/react-native";
				SDKROOT = iphoneos;
				SWIFT_COMPILATION_MODE = wholemodule;
				USE_HERMES = true;
				VALIDATE_PRODUCT = YES;
			};
			name = Release;
		};
		8C8CA5CB2D676B33004E489F /* Debug */ = {
			isa = XCBuildConfiguration;
			baseConfigurationReference = B640F79D40FCA1CE9C98C71B /* Pods-react-native-swiftui.debug.xcconfig */;
			buildSettings = {
				ASSETCATALOG_COMPILER_APPICON_NAME = AppIcon;
				ASSETCATALOG_COMPILER_GLOBAL_ACCENT_COLOR_NAME = AccentColor;
				CLANG_ENABLE_MODULES = YES;
				CODE_SIGN_STYLE = Automatic;
				CURRENT_PROJECT_VERSION = 1;
				DEVELOPMENT_ASSET_PATHS = "\"react-native-swiftui/Preview Content\"";
				DEVELOPMENT_TEAM = 7T6CV8799D;
				ENABLE_PREVIEWS = YES;
				ENABLE_USER_SCRIPT_SANDBOXING = NO;
				GENERATE_INFOPLIST_FILE = YES;
				INFOPLIST_FILE = "react-native-swiftui/Info.plist";
				INFOPLIST_KEY_UIApplicationSupportsIndirectInputEvents = YES;
				INFOPLIST_KEY_UILaunchScreen_Generation = YES;
				INFOPLIST_KEY_UISupportedInterfaceOrientations_iPad = "UIInterfaceOrientationPortrait UIInterfaceOrientationPortraitUpsideDown UIInterfaceOrientationLandscapeLeft UIInterfaceOrientationLandscapeRight";
				INFOPLIST_KEY_UISupportedInterfaceOrientations_iPhone = "UIInterfaceOrientationPortrait UIInterfaceOrientationLandscapeLeft UIInterfaceOrientationLandscapeRight";
				LD_RUNPATH_SEARCH_PATHS = (
					"$(inherited)",
					"@executable_path/Frameworks",
				);
				MARKETING_VERSION = 1.0;
				PRODUCT_BUNDLE_IDENTIFIER = "com.bradpatras.react-native-swiftui";
				PRODUCT_NAME = "$(TARGET_NAME)";
				SWIFT_EMIT_LOC_STRINGS = YES;
				SWIFT_OBJC_BRIDGING_HEADER = "NativeEventSender/react-native-swiftui-Bridging-Header.h";
				SWIFT_OPTIMIZATION_LEVEL = "-Onone";
				SWIFT_VERSION = 5.0;
				TARGETED_DEVICE_FAMILY = "1,2";
			};
			name = Debug;
		};
		8C8CA5CC2D676B33004E489F /* Release */ = {
			isa = XCBuildConfiguration;
			baseConfigurationReference = EBA50D1A32BA44B2791F25FE /* Pods-react-native-swiftui.release.xcconfig */;
			buildSettings = {
				ASSETCATALOG_COMPILER_APPICON_NAME = AppIcon;
				ASSETCATALOG_COMPILER_GLOBAL_ACCENT_COLOR_NAME = AccentColor;
				CLANG_ENABLE_MODULES = YES;
				CODE_SIGN_STYLE = Automatic;
				CURRENT_PROJECT_VERSION = 1;
				DEVELOPMENT_ASSET_PATHS = "\"react-native-swiftui/Preview Content\"";
				DEVELOPMENT_TEAM = 7T6CV8799D;
				ENABLE_PREVIEWS = YES;
				ENABLE_USER_SCRIPT_SANDBOXING = NO;
				GENERATE_INFOPLIST_FILE = YES;
				INFOPLIST_FILE = "react-native-swiftui/Info.plist";
				INFOPLIST_KEY_UIApplicationSupportsIndirectInputEvents = YES;
				INFOPLIST_KEY_UILaunchScreen_Generation = YES;
				INFOPLIST_KEY_UISupportedInterfaceOrientations_iPad = "UIInterfaceOrientationPortrait UIInterfaceOrientationPortraitUpsideDown UIInterfaceOrientationLandscapeLeft UIInterfaceOrientationLandscapeRight";
				INFOPLIST_KEY_UISupportedInterfaceOrientations_iPhone = "UIInterfaceOrientationPortrait UIInterfaceOrientationLandscapeLeft UIInterfaceOrientationLandscapeRight";
				LD_RUNPATH_SEARCH_PATHS = (
					"$(inherited)",
					"@executable_path/Frameworks",
				);
				MARKETING_VERSION = 1.0;
				PRODUCT_BUNDLE_IDENTIFIER = "com.bradpatras.react-native-swiftui";
				PRODUCT_NAME = "$(TARGET_NAME)";
				SWIFT_EMIT_LOC_STRINGS = YES;
				SWIFT_OBJC_BRIDGING_HEADER = "NativeEventSender/react-native-swiftui-Bridging-Header.h";
				SWIFT_VERSION = 5.0;
				TARGETED_DEVICE_FAMILY = "1,2";
			};
			name = Release;
		};
		8C8CA5CE2D676B33004E489F /* Debug */ = {
			isa = XCBuildConfiguration;
			buildSettings = {
				BUNDLE_LOADER = "$(TEST_HOST)";
				CODE_SIGN_STYLE = Automatic;
				CURRENT_PROJECT_VERSION = 1;
				DEVELOPMENT_TEAM = 7T6CV8799D;
				GENERATE_INFOPLIST_FILE = YES;
				IPHONEOS_DEPLOYMENT_TARGET = 18.2;
				MARKETING_VERSION = 1.0;
				PRODUCT_BUNDLE_IDENTIFIER = "com.bradpatras.react-native-swiftuiTests";
				PRODUCT_NAME = "$(TARGET_NAME)";
				SWIFT_EMIT_LOC_STRINGS = NO;
				SWIFT_VERSION = 5.0;
				TARGETED_DEVICE_FAMILY = "1,2";
				TEST_HOST = "$(BUILT_PRODUCTS_DIR)/react-native-swiftui.app/$(BUNDLE_EXECUTABLE_FOLDER_PATH)/react-native-swiftui";
			};
			name = Debug;
		};
		8C8CA5CF2D676B33004E489F /* Release */ = {
			isa = XCBuildConfiguration;
			buildSettings = {
				BUNDLE_LOADER = "$(TEST_HOST)";
				CODE_SIGN_STYLE = Automatic;
				CURRENT_PROJECT_VERSION = 1;
				DEVELOPMENT_TEAM = 7T6CV8799D;
				GENERATE_INFOPLIST_FILE = YES;
				IPHONEOS_DEPLOYMENT_TARGET = 18.2;
				MARKETING_VERSION = 1.0;
				PRODUCT_BUNDLE_IDENTIFIER = "com.bradpatras.react-native-swiftuiTests";
				PRODUCT_NAME = "$(TARGET_NAME)";
				SWIFT_EMIT_LOC_STRINGS = NO;
				SWIFT_VERSION = 5.0;
				TARGETED_DEVICE_FAMILY = "1,2";
				TEST_HOST = "$(BUILT_PRODUCTS_DIR)/react-native-swiftui.app/$(BUNDLE_EXECUTABLE_FOLDER_PATH)/react-native-swiftui";
			};
			name = Release;
		};
		8C8CA5D12D676B33004E489F /* Debug */ = {
			isa = XCBuildConfiguration;
			buildSettings = {
				CODE_SIGN_STYLE = Automatic;
				CURRENT_PROJECT_VERSION = 1;
				DEVELOPMENT_TEAM = 7T6CV8799D;
				GENERATE_INFOPLIST_FILE = YES;
				MARKETING_VERSION = 1.0;
				PRODUCT_BUNDLE_IDENTIFIER = "com.bradpatras.react-native-swiftuiUITests";
				PRODUCT_NAME = "$(TARGET_NAME)";
				SWIFT_EMIT_LOC_STRINGS = NO;
				SWIFT_VERSION = 5.0;
				TARGETED_DEVICE_FAMILY = "1,2";
				TEST_TARGET_NAME = "react-native-swiftui";
			};
			name = Debug;
		};
		8C8CA5D22D676B33004E489F /* Release */ = {
			isa = XCBuildConfiguration;
			buildSettings = {
				CODE_SIGN_STYLE = Automatic;
				CURRENT_PROJECT_VERSION = 1;
				DEVELOPMENT_TEAM = 7T6CV8799D;
				GENERATE_INFOPLIST_FILE = YES;
				MARKETING_VERSION = 1.0;
				PRODUCT_BUNDLE_IDENTIFIER = "com.bradpatras.react-native-swiftuiUITests";
				PRODUCT_NAME = "$(TARGET_NAME)";
				SWIFT_EMIT_LOC_STRINGS = NO;
				SWIFT_VERSION = 5.0;
				TARGETED_DEVICE_FAMILY = "1,2";
				TEST_TARGET_NAME = "react-native-swiftui";
			};
			name = Release;
		};
/* End XCBuildConfiguration section */

/* Begin XCConfigurationList section */
		8C8CA5A12D676B30004E489F /* Build configuration list for PBXProject "react-native-swiftui" */ = {
			isa = XCConfigurationList;
			buildConfigurations = (
				8C8CA5C82D676B33004E489F /* Debug */,
				8C8CA5C92D676B33004E489F /* Release */,
			);
			defaultConfigurationIsVisible = 0;
			defaultConfigurationName = Release;
		};
		8C8CA5CA2D676B33004E489F /* Build configuration list for PBXNativeTarget "react-native-swiftui" */ = {
			isa = XCConfigurationList;
			buildConfigurations = (
				8C8CA5CB2D676B33004E489F /* Debug */,
				8C8CA5CC2D676B33004E489F /* Release */,
			);
			defaultConfigurationIsVisible = 0;
			defaultConfigurationName = Release;
		};
		8C8CA5CD2D676B33004E489F /* Build configuration list for PBXNativeTarget "react-native-swiftuiTests" */ = {
			isa = XCConfigurationList;
			buildConfigurations = (
				8C8CA5CE2D676B33004E489F /* Debug */,
				8C8CA5CF2D676B33004E489F /* Release */,
			);
			defaultConfigurationIsVisible = 0;
			defaultConfigurationName = Release;
		};
		8C8CA5D02D676B33004E489F /* Build configuration list for PBXNativeTarget "react-native-swiftuiUITests" */ = {
			isa = XCConfigurationList;
			buildConfigurations = (
				8C8CA5D12D676B33004E489F /* Debug */,
				8C8CA5D22D676B33004E489F /* Release */,
			);
			defaultConfigurationIsVisible = 0;
			defaultConfigurationName = Release;
		};
/* End XCConfigurationList section */
	};
	rootObject = 8C8CA59E2D676B30004E489F /* Project object */;
}
